
Microsoft Visual Studio Solution File, Format Version 12.00
# Visual Studio 2012
Project("{8BC9CEB8-8B4A-11D0-8D11-00A0C91BC942}") = "Server", "Server\Server.vcxproj", "{F8973025-3D4E-47A5-8F09-7E658B8AF1AB}"
EndProject
Global
	GlobalSection(SolutionConfigurationPlatforms) = preSolution
		Debug|Win32 = Debug|Win32
		Debug|x64 = Debug|x64
		Release|Win32 = Release|Win32
		Release|x64 = Release|x64
	EndGlobalSection
	GlobalSection(ProjectConfigurationPlatforms) = postSolution
		{F8973025-3D4E-47A5-8F09-7E658B8AF1AB}.Debug|Win32.ActiveCfg = Debug|Win32
		{F8973025-3D4E-47A5-8F09-7E658B8AF1AB}.Debug|Win32.Build.0 = Debug|Win32
		{F8973025-3D4E-47A5-8F09-7E658B8AF1AB}.Debug|x64.ActiveCfg = Debug|x64
		{F8973025-3D4E-47A5-8F09-7E658B8AF1AB}.Debug|x64.Build.0 = Debug|x64
		{F8973025-3D4E-47A5-8F09-7E658B8AF1AB}.Release|Win32.ActiveCfg = Release|Win32
		{F8973025-3D4E-47A5-8F09-7E658B8AF1AB}.Release|Win32.Build.0 = Release|Win32
		{F8973025-3D4E-47A5-8F09-7E658B8AF1AB}.Release|x64.ActiveCfg = Release|x64
		{F8973025-3D4E-47A5-8F09-7E658B8AF1AB}.Release|x64.Build.0 = Release|x64
	EndGlobalSection
	GlobalSection(SolutionProperties) = preSolution
		HideSolutionNode = FALSE
	EndGlobalSection
EndGlobal
